version = 1
revision = 2
requires-python = ">=3.13"

[[package]]
name = "annotated-types"
version = "0.7.0"
source = { registry = "https://pypi.org/simple" }
sdist = { url = "https://files.pythonhosted.org/packages/ee/67/531ea369ba64dcff5ec9c3402f9f51bf748cec26dde048a2f973a4eea7f5/annotated_types-0.7.0.tar.gz", hash = "sha256:aff07c09a53a08bc8cfccb9c85b05f1aa9a2a6f23728d790723543408344ce89", size = 16081, upload-time = "2024-05-20T21:33:25.928Z" }
wheels = [
    { url = "https://files.pythonhosted.org/packages/78/b6/6307fbef88d9b5ee7421e68d78a9f162e0da4900bc5f5793f6d3d0e34fb8/annotated_types-0.7.0-py3-none-any.whl", hash = "sha256:1f02e8b43a8fbbc3f3e0d4f0f4bfc8131bcb4eebe8849b8e5c773f3a1c582a53", size = 13643, upload-time = "2024-05-20T21:33:24.1Z" },
]

[[package]]
name = "awscrt"
version = "0.27.4"
source = { registry = "https://pypi.org/simple" }
sdist = { url = "https://files.pythonhosted.org/packages/4d/c2/f7a79ef3d1649696aa8c7543d338cd1716ef5c4c93022ab33c5be6473e9f/awscrt-0.27.4.tar.gz", hash = "sha256:cb23cb767ca2e3c0007c899b289d668d28aeb055534df35a741847135f6cd91c", size = 37608896, upload-time = "2025-06-20T21:17:41.796Z" }
wheels = [
    { url = "https://files.pythonhosted.org/packages/1f/85/bb661442878cf8da9399091f7b58d466b3fef964440c3f4303c77c3e7d45/awscrt-0.27.4-cp311-abi3-macosx_10_15_universal2.whl", hash = "sha256:8c1753e015af94d5b67f8bd373384f71c6c00914d0435fb123a81d13b538d0e4", size = 3315151, upload-time = "2025-06-20T21:16:40.164Z" },
    { url = "https://files.pythonhosted.org/packages/80/24/74e612116e61046c37f00cd85834d44b24d57dbae7a2c2546852067cb5ce/awscrt-0.27.4-cp311-abi3-manylinux_2_17_aarch64.manylinux2014_aarch64.whl", hash = "sha256:0673b87056f6865d4a7fc14dd25c14de6af877be3296ff0eb4cf459bb10ab623", size = 3713835, upload-time = "2025-06-20T21:16:42.353Z" },
    { url = "https://files.pythonhosted.org/packages/ac/57/5dc4f57e367b99d0e4f4963a7bfdab3f1f9cda5e1993caa78dca1dc8d6f9/awscrt-0.27.4-cp311-abi3-manylinux_2_17_x86_64.manylinux2014_x86_64.whl", hash = "sha256:8cd645e514d31f2726cd7cf31c68835e6d3e894b2fcdc8b4f1a56d47c520a3b1", size = 3977691, upload-time = "2025-06-20T21:16:44.529Z" },
    { url = "https://files.pythonhosted.org/packages/1b/91/b4d915523c2610da0161a55adc7ff331622e26f1bdba04970a88a46a90fc/awscrt-0.27.4-cp311-abi3-musllinux_1_1_aarch64.whl", hash = "sha256:2edc397539470d64a17b64e6190432b32c4208b78bcea051f8e2fc52017ec501", size = 3622010, upload-time = "2025-06-20T21:16:46.801Z" },
    { url = "https://files.pythonhosted.org/packages/7c/64/b21f69fd93879069df63fff45557781294865dea2def40dfa7c9869f7f51/awscrt-0.27.4-cp311-abi3-musllinux_1_1_x86_64.whl", hash = "sha256:a9b0832c17f31022849c170f60415d16d15482a70e162cfdc6d68cf587f2df7a", size = 3844554, upload-time = "2025-06-20T21:16:48.804Z" },
    { url = "https://files.pythonhosted.org/packages/97/86/c52c5ee77e8c4644946e2bf322279816cd12963b7faa3c5c3927281abb93/awscrt-0.27.4-cp311-abi3-win32.whl", hash = "sha256:942f79a90c0b8feec21cabfe79cdfc27bf0f240394f363785c4c84f7d1c44027", size = 3823253, upload-time = "2025-06-20T21:16:49.982Z" },
    { url = "https://files.pythonhosted.org/packages/97/69/2b052850f59fc75b2641aa6739497e10778d1f9b30a793e1c71ca9787ce9/awscrt-0.27.4-cp311-abi3-win_amd64.whl", hash = "sha256:9b878c452a19bd417eb80d33c86a15c574f35982d5d4b4c976e748ba9a8ab9b7", size = 3961706, upload-time = "2025-06-20T21:16:51.195Z" },
    { url = "https://files.pythonhosted.org/packages/26/24/ab9842126483dce9f40450d62171809b7fe95e2db23500883d6ede3b000e/awscrt-0.27.4-cp313-abi3-macosx_10_15_universal2.whl", hash = "sha256:63a84aa7b5bb3f5abbc755a7165f0d1783e46d61ea90ba775ccb3ca486cd0875", size = 3314072, upload-time = "2025-06-20T21:16:52.36Z" },
    { url = "https://files.pythonhosted.org/packages/c0/28/3113b55b9d02ccd8dddc051a1cb64726580dcccc2ba970dd4eece6fcd0fa/awscrt-0.27.4-cp313-abi3-manylinux_2_17_aarch64.manylinux2014_aarch64.whl", hash = "sha256:d1ebc7a8cea2a5522c167e39100673bd9fb214fb32e3a886137ea6274fa04f9a", size = 3704870, upload-time = "2025-06-20T21:16:54.687Z" },
    { url = "https://files.pythonhosted.org/packages/aa/b9/d1c7019e525008f026cf4cb11a8ce4fbe85002f1b3ad896efd05d71e4fe6/awscrt-0.27.4-cp313-abi3-manylinux_2_17_x86_64.manylinux2014_x86_64.whl", hash = "sha256:ef428453587ed6c738e4fccab46e8b62111321a99713b538aaaf62c3dfa7dd9b", size = 3972135, upload-time = "2025-06-20T21:16:57.048Z" },
    { url = "https://files.pythonhosted.org/packages/86/ce/975df76afdedb8d21b0f82ad3314bf38b43dbe96e920982817f504a79a05/awscrt-0.27.4-cp313-abi3-musllinux_1_1_aarch64.whl", hash = "sha256:7786f41ab7aa300f47568ad570375c85b352a0534aa3f317062979a88bca0c06", size = 3613589, upload-time = "2025-06-20T21:17:00.579Z" },
    { url = "https://files.pythonhosted.org/packages/c2/34/76249158919aa60a9771822d4d65a961c48de3d1d7f6654ee50712eaf28a/awscrt-0.27.4-cp313-abi3-musllinux_1_1_x86_64.whl", hash = "sha256:64634379a8c0c739eb44fbfa84835ee3c7e827726724cca55d183588bc931bbe", size = 3839255, upload-time = "2025-06-20T21:17:02.453Z" },
    { url = "https://files.pythonhosted.org/packages/00/13/b8bd4c61ea04a82534ec73baf4b882dab6c1b02e0b596924b01b92f2a7cf/awscrt-0.27.4-cp313-abi3-win32.whl", hash = "sha256:c095da2897ebb145b258451e6873819b7f6daab900f18c37629f1de811453048", size = 3820665, upload-time = "2025-06-20T21:17:04.74Z" },
    { url = "https://files.pythonhosted.org/packages/b4/0b/2c35b83932c788422e50a5786982fb95e8a97362806b2cfedd831fac5adb/awscrt-0.27.4-cp313-abi3-win_amd64.whl", hash = "sha256:34284ee71b3b48c1ace806b5ba034a9b4d89819cb8d133d1d6a8f704446a24a9", size = 3960476, upload-time = "2025-06-20T21:17:06.984Z" },
]

[[package]]
name = "awsiotsdk"
version = "1.24.0"
source = { registry = "https://pypi.org/simple" }
dependencies = [
    { name = "awscrt" },
]
sdist = { url = "https://files.pythonhosted.org/packages/ef/53/1c156564e68a7079333f077107697f30f8cbcc19113e9d6a03a98fc05d36/awsiotsdk-1.24.0.tar.gz", hash = "sha256:e4f91d2a1efd82dea7586c9f6d3aebc2783aaa58b979a4229f5939f22a31c741", size = 89427, upload-time = "2025-06-27T20:57:00.689Z" }
wheels = [
    { url = "https://files.pythonhosted.org/packages/ea/c0/e5ddcf2b107482abe329c99117f990e2fa88dd8edc3d740044254e1cad3b/awsiotsdk-1.24.0-py3-none-any.whl", hash = "sha256:254f4d7801ce481d329fe0ab755580c1d933fbe3a48dcdd2ada6ae1e7752ef3d", size = 80130, upload-time = "2025-06-27T20:56:59.483Z" },
]

[[package]]
name = "grpcio"
version = "1.74.0"
source = { registry = "https://pypi.org/simple" }
sdist = { url = "https://files.pythonhosted.org/packages/38/b4/35feb8f7cab7239c5b94bd2db71abb3d6adb5f335ad8f131abb6060840b6/grpcio-1.74.0.tar.gz", hash = "sha256:80d1f4fbb35b0742d3e3d3bb654b7381cd5f015f8497279a1e9c21ba623e01b1", size = 12756048, upload-time = "2025-07-24T18:54:23.039Z" }
wheels = [
    { url = "https://files.pythonhosted.org/packages/d4/d8/1004a5f468715221450e66b051c839c2ce9a985aa3ee427422061fcbb6aa/grpcio-1.74.0-cp313-cp313-linux_armv7l.whl", hash = "sha256:2bc2d7d8d184e2362b53905cb1708c84cb16354771c04b490485fa07ce3a1d89", size = 5449488, upload-time = "2025-07-24T18:53:41.174Z" },
    { url = "https://files.pythonhosted.org/packages/94/0e/33731a03f63740d7743dced423846c831d8e6da808fcd02821a4416df7fa/grpcio-1.74.0-cp313-cp313-macosx_11_0_universal2.whl", hash = "sha256:c14e803037e572c177ba54a3e090d6eb12efd795d49327c5ee2b3bddb836bf01", size = 10974059, upload-time = "2025-07-24T18:53:43.066Z" },
    { url = "https://files.pythonhosted.org/packages/0d/c6/3d2c14d87771a421205bdca991467cfe473ee4c6a1231c1ede5248c62ab8/grpcio-1.74.0-cp313-cp313-manylinux_2_17_aarch64.whl", hash = "sha256:f6ec94f0e50eb8fa1744a731088b966427575e40c2944a980049798b127a687e", size = 5945647, upload-time = "2025-07-24T18:53:45.269Z" },
    { url = "https://files.pythonhosted.org/packages/c5/83/5a354c8aaff58594eef7fffebae41a0f8995a6258bbc6809b800c33d4c13/grpcio-1.74.0-cp313-cp313-manylinux_2_17_i686.manylinux2014_i686.whl", hash = "sha256:566b9395b90cc3d0d0c6404bc8572c7c18786ede549cdb540ae27b58afe0fb91", size = 6626101, upload-time = "2025-07-24T18:53:47.015Z" },
    { url = "https://files.pythonhosted.org/packages/3f/ca/4fdc7bf59bf6994aa45cbd4ef1055cd65e2884de6113dbd49f75498ddb08/grpcio-1.74.0-cp313-cp313-manylinux_2_17_x86_64.manylinux2014_x86_64.whl", hash = "sha256:e1ea6176d7dfd5b941ea01c2ec34de9531ba494d541fe2057c904e601879f249", size = 6182562, upload-time = "2025-07-24T18:53:48.967Z" },
    { url = "https://files.pythonhosted.org/packages/fd/48/2869e5b2c1922583686f7ae674937986807c2f676d08be70d0a541316270/grpcio-1.74.0-cp313-cp313-musllinux_1_1_aarch64.whl", hash = "sha256:64229c1e9cea079420527fa8ac45d80fc1e8d3f94deaa35643c381fa8d98f362", size = 6303425, upload-time = "2025-07-24T18:53:50.847Z" },
    { url = "https://files.pythonhosted.org/packages/a6/0e/bac93147b9a164f759497bc6913e74af1cb632c733c7af62c0336782bd38/grpcio-1.74.0-cp313-cp313-musllinux_1_1_i686.whl", hash = "sha256:0f87bddd6e27fc776aacf7ebfec367b6d49cad0455123951e4488ea99d9b9b8f", size = 6996533, upload-time = "2025-07-24T18:53:52.747Z" },
    { url = "https://files.pythonhosted.org/packages/84/35/9f6b2503c1fd86d068b46818bbd7329db26a87cdd8c01e0d1a9abea1104c/grpcio-1.74.0-cp313-cp313-musllinux_1_1_x86_64.whl", hash = "sha256:3b03d8f2a07f0fea8c8f74deb59f8352b770e3900d143b3d1475effcb08eec20", size = 6491489, upload-time = "2025-07-24T18:53:55.06Z" },
    { url = "https://files.pythonhosted.org/packages/75/33/a04e99be2a82c4cbc4039eb3a76f6c3632932b9d5d295221389d10ac9ca7/grpcio-1.74.0-cp313-cp313-win32.whl", hash = "sha256:b6a73b2ba83e663b2480a90b82fdae6a7aa6427f62bf43b29912c0cfd1aa2bfa", size = 3805811, upload-time = "2025-07-24T18:53:56.798Z" },
    { url = "https://files.pythonhosted.org/packages/34/80/de3eb55eb581815342d097214bed4c59e806b05f1b3110df03b2280d6dfd/grpcio-1.74.0-cp313-cp313-win_amd64.whl", hash = "sha256:fd3c71aeee838299c5887230b8a1822795325ddfea635edd82954c1eaa831e24", size = 4489214, upload-time = "2025-07-24T18:53:59.771Z" },
]

[[package]]
name = "markdown-it-py"
version = "4.0.0"
source = { registry = "https://pypi.org/simple" }
dependencies = [
    { name = "mdurl" },
]
sdist = { url = "https://files.pythonhosted.org/packages/5b/f5/4ec618ed16cc4f8fb3b701563655a69816155e79e24a17b651541804721d/markdown_it_py-4.0.0.tar.gz", hash = "sha256:cb0a2b4aa34f932c007117b194e945bd74e0ec24133ceb5bac59009cda1cb9f3", size = 73070, upload-time = "2025-08-11T12:57:52.854Z" }
wheels = [
    { url = "https://files.pythonhosted.org/packages/94/54/e7d793b573f298e1c9013b8c4dade17d481164aa517d1d7148619c2cedbf/markdown_it_py-4.0.0-py3-none-any.whl", hash = "sha256:87327c59b172c5011896038353a81343b6754500a08cd7a4973bb48c6d578147", size = 87321, upload-time = "2025-08-11T12:57:51.923Z" },
]

[[package]]
name = "mavsdk"
version = "3.9.0"
source = { registry = "https://pypi.org/simple" }
dependencies = [
    { name = "grpcio" },
    { name = "protobuf" },
]
wheels = [
    { url = "https://files.pythonhosted.org/packages/ef/cd/43d59830cce10c59f47aab771ff768d5c9001c0d24a94b032ee25b06aa79/mavsdk-3.9.0-py3-none-linux_armv6l.whl", hash = "sha256:a4d34722d516c63830722e1c6fc19537a4094f2ec4c4499c507c649bb887c5d6", size = 16257348, upload-time = "2025-08-01T19:31:10.724Z" },
    { url = "https://files.pythonhosted.org/packages/5e/76/4d3354976c1acf5135a6b860f943cda5630c05278bfa39c8a983cb41dd50/mavsdk-3.9.0-py3-none-linux_armv7l.whl", hash = "sha256:6a3daf144d668977f40dc0071f42abdff0f382c4ac34202c34510f55a30ebd63", size = 16257145, upload-time = "2025-08-01T19:31:09.549Z" },
    { url = "https://files.pythonhosted.org/packages/8a/bc/42f05030e120649493fc4e230e43e35c260966747db23409272389702873/mavsdk-3.9.0-py3-none-macosx_10_9_x86_64.whl", hash = "sha256:0c0c5326be0957ca5ef995813170042d0fd58c1d10dcafff011630309e62c7b0", size = 12257611, upload-time = "2025-08-01T19:31:26.998Z" },
    { url = "https://files.pythonhosted.org/packages/8b/90/eb029d177c8cde759dfc855b792005b1b88f4eedacd3e1aefd0651b6f825/mavsdk-3.9.0-py3-none-macosx_11_0_arm64.whl", hash = "sha256:f7c8976cc8af2da74bba1fa102f573ec5cf0a25e41a6bf19de47e2fac7da63b4", size = 12137365, upload-time = "2025-08-01T19:31:25.413Z" },
    { url = "https://files.pythonhosted.org/packages/a6/5c/882610b7f85576db37bb2f362d0f76a9add12e20f7bb652aa74318f48555/mavsdk-3.9.0-py3-none-manylinux1_x86_64.manylinux2014_x86_64.manylinux_2_17_x86_64.manylinux_2_5_x86_64.whl", hash = "sha256:83e830ec8f1d892f2ddda6f5fe78d3692737dbb246ceb7b3e4059014f31a4643", size = 14881706, upload-time = "2025-08-01T19:31:26.116Z" },
    { url = "https://files.pythonhosted.org/packages/d7/d7/f7e065bae77ea5ae3adc674f0ec257efa8d568bb2da4894f5b3b72c81240/mavsdk-3.9.0-py3-none-manylinux2014_aarch64.whl", hash = "sha256:d5865675faf992eb4d3f3a77603aadc433d90a6215b983e789f403fe6bafffc5", size = 17846263, upload-time = "2025-08-01T19:31:16.07Z" },
    { url = "https://files.pythonhosted.org/packages/03/16/e2cf79fa000403177451958c2927151e63fe59a7af0b1a3751edd9f869ea/mavsdk-3.9.0-py3-none-win32.whl", hash = "sha256:b87d7d88552a739e68a181a1f693d0caed5cb776e35099524ac02b9ec46cdaf4", size = 10078779, upload-time = "2025-08-01T19:31:40.066Z" },
    { url = "https://files.pythonhosted.org/packages/68/27/b2b27f761006254cdf6200ce704d26ef587ac8b95bc329d33e9ac8373096/mavsdk-3.9.0-py3-none-win_amd64.whl", hash = "sha256:ae40c6785c775c4a3c33de184baaaf5faed3002e4a6e7bc03a52f9f93b6ba56f", size = 10078779, upload-time = "2025-08-01T19:31:39.492Z" },
    { url = "https://files.pythonhosted.org/packages/be/62/fb513d1b412feeba0c45e8cca5694bfd79a5075daa1edacf05a8904263d1/mavsdk-3.9.0-py3-none-win_arm64.whl", hash = "sha256:729b048f50d1d814d335e87d608da896f4ea3308a08e4f630b8b8ac9eedf734b", size = 10078779, upload-time = "2025-08-01T19:31:31.966Z" },
]

[[package]]
name = "mdurl"
version = "0.1.2"
source = { registry = "https://pypi.org/simple" }
sdist = { url = "https://files.pythonhosted.org/packages/d6/54/cfe61301667036ec958cb99bd3efefba235e65cdeb9c84d24a8293ba1d90/mdurl-0.1.2.tar.gz", hash = "sha256:bb413d29f5eea38f31dd4754dd7377d4465116fb207585f97bf925588687c1ba", size = 8729, upload-time = "2022-08-14T12:40:10.846Z" }
wheels = [
    { url = "https://files.pythonhosted.org/packages/b3/38/89ba8ad64ae25be8de66a6d463314cf1eb366222074cfda9ee839c56a4b4/mdurl-0.1.2-py3-none-any.whl", hash = "sha256:84008a41e51615a49fc9966191ff91509e3c40b939176e643fd50a5c2196b8f8", size = 9979, upload-time = "2022-08-14T12:40:09.779Z" },
]

[[package]]
name = "mypy"
version = "1.17.1"
source = { registry = "https://pypi.org/simple" }
dependencies = [
    { name = "mypy-extensions" },
    { name = "pathspec" },
    { name = "typing-extensions" },
]
sdist = { url = "https://files.pythonhosted.org/packages/8e/22/ea637422dedf0bf36f3ef238eab4e455e2a0dcc3082b5cc067615347ab8e/mypy-1.17.1.tar.gz", hash = "sha256:25e01ec741ab5bb3eec8ba9cdb0f769230368a22c959c4937360efb89b7e9f01", size = 3352570, upload-time = "2025-07-31T07:54:19.204Z" }
wheels = [
    { url = "https://files.pythonhosted.org/packages/5b/82/aec2fc9b9b149f372850291827537a508d6c4d3664b1750a324b91f71355/mypy-1.17.1-cp313-cp313-macosx_10_13_x86_64.whl", hash = "sha256:93378d3203a5c0800c6b6d850ad2f19f7a3cdf1a3701d3416dbf128805c6a6a7", size = 11075338, upload-time = "2025-07-31T07:53:38.873Z" },
    { url = "https://files.pythonhosted.org/packages/07/ac/ee93fbde9d2242657128af8c86f5d917cd2887584cf948a8e3663d0cd737/mypy-1.17.1-cp313-cp313-macosx_11_0_arm64.whl", hash = "sha256:15d54056f7fe7a826d897789f53dd6377ec2ea8ba6f776dc83c2902b899fee81", size = 10113066, upload-time = "2025-07-31T07:54:14.707Z" },
    { url = "https://files.pythonhosted.org/packages/5a/68/946a1e0be93f17f7caa56c45844ec691ca153ee8b62f21eddda336a2d203/mypy-1.17.1-cp313-cp313-manylinux2014_aarch64.manylinux_2_17_aarch64.manylinux_2_28_aarch64.whl", hash = "sha256:209a58fed9987eccc20f2ca94afe7257a8f46eb5df1fb69958650973230f91e6", size = 11875473, upload-time = "2025-07-31T07:53:14.504Z" },
    { url = "https://files.pythonhosted.org/packages/9f/0f/478b4dce1cb4f43cf0f0d00fba3030b21ca04a01b74d1cd272a528cf446f/mypy-1.17.1-cp313-cp313-manylinux2014_x86_64.manylinux_2_17_x86_64.manylinux_2_28_x86_64.whl", hash = "sha256:099b9a5da47de9e2cb5165e581f158e854d9e19d2e96b6698c0d64de911dd849", size = 12744296, upload-time = "2025-07-31T07:53:03.896Z" },
    { url = "https://files.pythonhosted.org/packages/ca/70/afa5850176379d1b303f992a828de95fc14487429a7139a4e0bdd17a8279/mypy-1.17.1-cp313-cp313-musllinux_1_2_x86_64.whl", hash = "sha256:fa6ffadfbe6994d724c5a1bb6123a7d27dd68fc9c059561cd33b664a79578e14", size = 12914657, upload-time = "2025-07-31T07:54:08.576Z" },
    { url = "https://files.pythonhosted.org/packages/53/f9/4a83e1c856a3d9c8f6edaa4749a4864ee98486e9b9dbfbc93842891029c2/mypy-1.17.1-cp313-cp313-win_amd64.whl", hash = "sha256:9a2b7d9180aed171f033c9f2fc6c204c1245cf60b0cb61cf2e7acc24eea78e0a", size = 9593320, upload-time = "2025-07-31T07:53:01.341Z" },
    { url = "https://files.pythonhosted.org/packages/38/56/79c2fac86da57c7d8c48622a05873eaab40b905096c33597462713f5af90/mypy-1.17.1-cp314-cp314-macosx_10_13_x86_64.whl", hash = "sha256:15a83369400454c41ed3a118e0cc58bd8123921a602f385cb6d6ea5df050c733", size = 11040037, upload-time = "2025-07-31T07:54:10.942Z" },
    { url = "https://files.pythonhosted.org/packages/4d/c3/adabe6ff53638e3cad19e3547268482408323b1e68bf082c9119000cd049/mypy-1.17.1-cp314-cp314-macosx_11_0_arm64.whl", hash = "sha256:55b918670f692fc9fba55c3298d8a3beae295c5cded0a55dccdc5bbead814acd", size = 10131550, upload-time = "2025-07-31T07:53:41.307Z" },
    { url = "https://files.pythonhosted.org/packages/b8/c5/2e234c22c3bdeb23a7817af57a58865a39753bde52c74e2c661ee0cfc640/mypy-1.17.1-cp314-cp314-manylinux2014_aarch64.manylinux_2_17_aarch64.manylinux_2_28_aarch64.whl", hash = "sha256:62761474061feef6f720149d7ba876122007ddc64adff5ba6f374fda35a018a0", size = 11872963, upload-time = "2025-07-31T07:53:16.878Z" },
    { url = "https://files.pythonhosted.org/packages/ab/26/c13c130f35ca8caa5f2ceab68a247775648fdcd6c9a18f158825f2bc2410/mypy-1.17.1-cp314-cp314-manylinux2014_x86_64.manylinux_2_17_x86_64.manylinux_2_28_x86_64.whl", hash = "sha256:c49562d3d908fd49ed0938e5423daed8d407774a479b595b143a3d7f87cdae6a", size = 12710189, upload-time = "2025-07-31T07:54:01.962Z" },
    { url = "https://files.pythonhosted.org/packages/82/df/c7d79d09f6de8383fe800521d066d877e54d30b4fb94281c262be2df84ef/mypy-1.17.1-cp314-cp314-musllinux_1_2_x86_64.whl", hash = "sha256:397fba5d7616a5bc60b45c7ed204717eaddc38f826e3645402c426057ead9a91", size = 12900322, upload-time = "2025-07-31T07:53:10.551Z" },
    { url = "https://files.pythonhosted.org/packages/b8/98/3d5a48978b4f708c55ae832619addc66d677f6dc59f3ebad71bae8285ca6/mypy-1.17.1-cp314-cp314-win_amd64.whl", hash = "sha256:9d6b20b97d373f41617bd0708fd46aa656059af57f2ef72aa8c7d6a2b73b74ed", size = 9751879, upload-time = "2025-07-31T07:52:56.683Z" },
    { url = "https://files.pythonhosted.org/packages/1d/f3/8fcd2af0f5b806f6cf463efaffd3c9548a28f84220493ecd38d127b6b66d/mypy-1.17.1-py3-none-any.whl", hash = "sha256:a9f52c0351c21fe24c21d8c0eb1f62967b262d6729393397b6f443c3b773c3b9", size = 2283411, upload-time = "2025-07-31T07:53:24.664Z" },
]

[[package]]
name = "mypy-extensions"
version = "1.1.0"
source = { registry = "https://pypi.org/simple" }
sdist = { url = "https://files.pythonhosted.org/packages/a2/6e/371856a3fb9d31ca8dac321cda606860fa4548858c0cc45d9d1d4ca2628b/mypy_extensions-1.1.0.tar.gz", hash = "sha256:52e68efc3284861e772bbcd66823fde5ae21fd2fdb51c62a211403730b916558", size = 6343, upload-time = "2025-04-22T14:54:24.164Z" }
wheels = [
    { url = "https://files.pythonhosted.org/packages/79/7b/2c79738432f5c924bef5071f933bcc9efd0473bac3b4aa584a6f7c1c8df8/mypy_extensions-1.1.0-py3-none-any.whl", hash = "sha256:1be4cccdb0f2482337c4743e60421de3a356cd97508abadd57d47403e94f5505", size = 4963, upload-time = "2025-04-22T14:54:22.983Z" },
]

[[package]]
name = "onboardagent"
version = "0.1.0"
source = { virtual = "." }
dependencies = [
    { name = "awsiotsdk" },
    { name = "mavsdk" },
    { name = "mypy" },
    { name = "pydantic" },
    { name = "python-dotenv" },
    { name = "rich" },
]

[package.metadata]
requires-dist = [
    { name = "awsiotsdk", specifier = ">=1.24.0" },
    { name = "mavsdk", specifier = ">=3.9.0" },
    { name = "mypy", specifier = ">=1.17.1" },
    { name = "pydantic", specifier = ">=2.11.7" },
    { name = "python-dotenv", specifier = ">=1.1.1" },
    { name = "rich", specifier = ">=14.1.0" },
]

[[package]]
name = "pathspec"
version = "0.12.1"
source = { registry = "https://pypi.org/simple" }
sdist = { url = "https://files.pythonhosted.org/packages/ca/bc/f35b8446f4531a7cb215605d100cd88b7ac6f44ab3fc94870c120ab3adbf/pathspec-0.12.1.tar.gz", hash = "sha256:a482d51503a1ab33b1c67a6c3813a26953dbdc71c31dacaef9a838c4e29f5712", size = 51043, upload-time = "2023-12-10T22:30:45Z" }
wheels = [
    { url = "https://files.pythonhosted.org/packages/cc/20/ff623b09d963f88bfde16306a54e12ee5ea43e9b597108672ff3a408aad6/pathspec-0.12.1-py3-none-any.whl", hash = "sha256:a0d503e138a4c123b27490a4f7beda6a01c6f288df0e4a8b79c7eb0dc7b4cc08", size = 31191, upload-time = "2023-12-10T22:30:43.14Z" },
]

[[package]]
name = "protobuf"
version = "6.32.0"
source = { registry = "https://pypi.org/simple" }
sdist = { url = "https://files.pythonhosted.org/packages/c0/df/fb4a8eeea482eca989b51cffd274aac2ee24e825f0bf3cbce5281fa1567b/protobuf-6.32.0.tar.gz", hash = "sha256:a81439049127067fc49ec1d36e25c6ee1d1a2b7be930675f919258d03c04e7d2", size = 440614, upload-time = "2025-08-14T21:21:25.015Z" }
wheels = [
    { url = "https://files.pythonhosted.org/packages/33/18/df8c87da2e47f4f1dcc5153a81cd6bca4e429803f4069a299e236e4dd510/protobuf-6.32.0-cp310-abi3-win32.whl", hash = "sha256:84f9e3c1ff6fb0308dbacb0950d8aa90694b0d0ee68e75719cb044b7078fe741", size = 424409, upload-time = "2025-08-14T21:21:12.366Z" },
    { url = "https://files.pythonhosted.org/packages/e1/59/0a820b7310f8139bd8d5a9388e6a38e1786d179d6f33998448609296c229/protobuf-6.32.0-cp310-abi3-win_amd64.whl", hash = "sha256:a8bdbb2f009cfc22a36d031f22a625a38b615b5e19e558a7b756b3279723e68e", size = 435735, upload-time = "2025-08-14T21:21:15.046Z" },
    { url = "https://files.pythonhosted.org/packages/cc/5b/0d421533c59c789e9c9894683efac582c06246bf24bb26b753b149bd88e4/protobuf-6.32.0-cp39-abi3-macosx_10_9_universal2.whl", hash = "sha256:d52691e5bee6c860fff9a1c86ad26a13afbeb4b168cd4445c922b7e2cf85aaf0", size = 426449, upload-time = "2025-08-14T21:21:16.687Z" },
    { url = "https://files.pythonhosted.org/packages/ec/7b/607764ebe6c7a23dcee06e054fd1de3d5841b7648a90fd6def9a3bb58c5e/protobuf-6.32.0-cp39-abi3-manylinux2014_aarch64.whl", hash = "sha256:501fe6372fd1c8ea2a30b4d9be8f87955a64d6be9c88a973996cef5ef6f0abf1", size = 322869, upload-time = "2025-08-14T21:21:18.282Z" },
    { url = "https://files.pythonhosted.org/packages/40/01/2e730bd1c25392fc32e3268e02446f0d77cb51a2c3a8486b1798e34d5805/protobuf-6.32.0-cp39-abi3-manylinux2014_x86_64.whl", hash = "sha256:75a2aab2bd1aeb1f5dc7c5f33bcb11d82ea8c055c9becbb41c26a8c43fd7092c", size = 322009, upload-time = "2025-08-14T21:21:19.893Z" },
    { url = "https://files.pythonhosted.org/packages/9c/f2/80ffc4677aac1bc3519b26bc7f7f5de7fce0ee2f7e36e59e27d8beb32dd1/protobuf-6.32.0-py3-none-any.whl", hash = "sha256:ba377e5b67b908c8f3072a57b63e2c6a4cbd18aea4ed98d2584350dbf46f2783", size = 169287, upload-time = "2025-08-14T21:21:23.515Z" },
]

[[package]]
name = "pydantic"
version = "2.11.7"
source = { registry = "https://pypi.org/simple" }
dependencies = [
    { name = "annotated-types" },
    { name = "pydantic-core" },
    { name = "typing-extensions" },
    { name = "typing-inspection" },
]
sdist = { url = "https://files.pythonhosted.org/packages/00/dd/4325abf92c39ba8623b5af936ddb36ffcfe0beae70405d456ab1fb2f5b8c/pydantic-2.11.7.tar.gz", hash = "sha256:d989c3c6cb79469287b1569f7447a17848c998458d49ebe294e975b9baf0f0db", size = 788350, upload-time = "2025-06-14T08:33:17.137Z" }
wheels = [
    { url = "https://files.pythonhosted.org/packages/6a/c0/ec2b1c8712ca690e5d61979dee872603e92b8a32f94cc1b72d53beab008a/pydantic-2.11.7-py3-none-any.whl", hash = "sha256:dde5df002701f6de26248661f6835bbe296a47bf73990135c7d07ce741b9623b", size = 444782, upload-time = "2025-06-14T08:33:14.905Z" },
]

[[package]]
name = "pydantic-core"
version = "2.33.2"
source = { registry = "https://pypi.org/simple" }
dependencies = [
    { name = "typing-extensions" },
]
sdist = { url = "https://files.pythonhosted.org/packages/ad/88/5f2260bdfae97aabf98f1778d43f69574390ad787afb646292a638c923d4/pydantic_core-2.33.2.tar.gz", hash = "sha256:7cb8bc3605c29176e1b105350d2e6474142d7c1bd1d9327c4a9bdb46bf827acc", size = 435195, upload-time = "2025-04-23T18:33:52.104Z" }
wheels = [
    { url = "https://files.pythonhosted.org/packages/46/8c/99040727b41f56616573a28771b1bfa08a3d3fe74d3d513f01251f79f172/pydantic_core-2.33.2-cp313-cp313-macosx_10_12_x86_64.whl", hash = "sha256:1082dd3e2d7109ad8b7da48e1d4710c8d06c253cbc4a27c1cff4fbcaa97a9e3f", size = 2015688, upload-time = "2025-04-23T18:31:53.175Z" },
    { url = "https://files.pythonhosted.org/packages/3a/cc/5999d1eb705a6cefc31f0b4a90e9f7fc400539b1a1030529700cc1b51838/pydantic_core-2.33.2-cp313-cp313-macosx_11_0_arm64.whl", hash = "sha256:f517ca031dfc037a9c07e748cefd8d96235088b83b4f4ba8939105d20fa1dcd6", size = 1844808, upload-time = "2025-04-23T18:31:54.79Z" },
    { url = "https://files.pythonhosted.org/packages/6f/5e/a0a7b8885c98889a18b6e376f344da1ef323d270b44edf8174d6bce4d622/pydantic_core-2.33.2-cp313-cp313-manylinux_2_17_aarch64.manylinux2014_aarch64.whl", hash = "sha256:0a9f2c9dd19656823cb8250b0724ee9c60a82f3cdf68a080979d13092a3b0fef", size = 1885580, upload-time = "2025-04-23T18:31:57.393Z" },
    { url = "https://files.pythonhosted.org/packages/3b/2a/953581f343c7d11a304581156618c3f592435523dd9d79865903272c256a/pydantic_core-2.33.2-cp313-cp313-manylinux_2_17_armv7l.manylinux2014_armv7l.whl", hash = "sha256:2b0a451c263b01acebe51895bfb0e1cc842a5c666efe06cdf13846c7418caa9a", size = 1973859, upload-time = "2025-04-23T18:31:59.065Z" },
    { url = "https://files.pythonhosted.org/packages/e6/55/f1a813904771c03a3f97f676c62cca0c0a4138654107c1b61f19c644868b/pydantic_core-2.33.2-cp313-cp313-manylinux_2_17_ppc64le.manylinux2014_ppc64le.whl", hash = "sha256:1ea40a64d23faa25e62a70ad163571c0b342b8bf66d5fa612ac0dec4f069d916", size = 2120810, upload-time = "2025-04-23T18:32:00.78Z" },
    { url = "https://files.pythonhosted.org/packages/aa/c3/053389835a996e18853ba107a63caae0b9deb4a276c6b472931ea9ae6e48/pydantic_core-2.33.2-cp313-cp313-manylinux_2_17_s390x.manylinux2014_s390x.whl", hash = "sha256:0fb2d542b4d66f9470e8065c5469ec676978d625a8b7a363f07d9a501a9cb36a", size = 2676498, upload-time = "2025-04-23T18:32:02.418Z" },
    { url = "https://files.pythonhosted.org/packages/eb/3c/f4abd740877a35abade05e437245b192f9d0ffb48bbbbd708df33d3cda37/pydantic_core-2.33.2-cp313-cp313-manylinux_2_17_x86_64.manylinux2014_x86_64.whl", hash = "sha256:9fdac5d6ffa1b5a83bca06ffe7583f5576555e6c8b3a91fbd25ea7780f825f7d", size = 2000611, upload-time = "2025-04-23T18:32:04.152Z" },
    { url = "https://files.pythonhosted.org/packages/59/a7/63ef2fed1837d1121a894d0ce88439fe3e3b3e48c7543b2a4479eb99c2bd/pydantic_core-2.33.2-cp313-cp313-manylinux_2_5_i686.manylinux1_i686.whl", hash = "sha256:04a1a413977ab517154eebb2d326da71638271477d6ad87a769102f7c2488c56", size = 2107924, upload-time = "2025-04-23T18:32:06.129Z" },
    { url = "https://files.pythonhosted.org/packages/04/8f/2551964ef045669801675f1cfc3b0d74147f4901c3ffa42be2ddb1f0efc4/pydantic_core-2.33.2-cp313-cp313-musllinux_1_1_aarch64.whl", hash = "sha256:c8e7af2f4e0194c22b5b37205bfb293d166a7344a5b0d0eaccebc376546d77d5", size = 2063196, upload-time = "2025-04-23T18:32:08.178Z" },
    { url = "https://files.pythonhosted.org/packages/26/bd/d9602777e77fc6dbb0c7db9ad356e9a985825547dce5ad1d30ee04903918/pydantic_core-2.33.2-cp313-cp313-musllinux_1_1_armv7l.whl", hash = "sha256:5c92edd15cd58b3c2d34873597a1e20f13094f59cf88068adb18947df5455b4e", size = 2236389, upload-time = "2025-04-23T18:32:10.242Z" },
    { url = "https://files.pythonhosted.org/packages/42/db/0e950daa7e2230423ab342ae918a794964b053bec24ba8af013fc7c94846/pydantic_core-2.33.2-cp313-cp313-musllinux_1_1_x86_64.whl", hash = "sha256:65132b7b4a1c0beded5e057324b7e16e10910c106d43675d9bd87d4f38dde162", size = 2239223, upload-time = "2025-04-23T18:32:12.382Z" },
    { url = "https://files.pythonhosted.org/packages/58/4d/4f937099c545a8a17eb52cb67fe0447fd9a373b348ccfa9a87f141eeb00f/pydantic_core-2.33.2-cp313-cp313-win32.whl", hash = "sha256:52fb90784e0a242bb96ec53f42196a17278855b0f31ac7c3cc6f5c1ec4811849", size = 1900473, upload-time = "2025-04-23T18:32:14.034Z" },
    { url = "https://files.pythonhosted.org/packages/a0/75/4a0a9bac998d78d889def5e4ef2b065acba8cae8c93696906c3a91f310ca/pydantic_core-2.33.2-cp313-cp313-win_amd64.whl", hash = "sha256:c083a3bdd5a93dfe480f1125926afcdbf2917ae714bdb80b36d34318b2bec5d9", size = 1955269, upload-time = "2025-04-23T18:32:15.783Z" },
    { url = "https://files.pythonhosted.org/packages/f9/86/1beda0576969592f1497b4ce8e7bc8cbdf614c352426271b1b10d5f0aa64/pydantic_core-2.33.2-cp313-cp313-win_arm64.whl", hash = "sha256:e80b087132752f6b3d714f041ccf74403799d3b23a72722ea2e6ba2e892555b9", size = 1893921, upload-time = "2025-04-23T18:32:18.473Z" },
    { url = "https://files.pythonhosted.org/packages/a4/7d/e09391c2eebeab681df2b74bfe6c43422fffede8dc74187b2b0bf6fd7571/pydantic_core-2.33.2-cp313-cp313t-macosx_11_0_arm64.whl", hash = "sha256:61c18fba8e5e9db3ab908620af374db0ac1baa69f0f32df4f61ae23f15e586ac", size = 1806162, upload-time = "2025-04-23T18:32:20.188Z" },
    { url = "https://files.pythonhosted.org/packages/f1/3d/847b6b1fed9f8ed3bb95a9ad04fbd0b212e832d4f0f50ff4d9ee5a9f15cf/pydantic_core-2.33.2-cp313-cp313t-manylinux_2_17_x86_64.manylinux2014_x86_64.whl", hash = "sha256:95237e53bb015f67b63c91af7518a62a8660376a6a0db19b89acc77a4d6199f5", size = 1981560, upload-time = "2025-04-23T18:32:22.354Z" },
    { url = "https://files.pythonhosted.org/packages/6f/9a/e73262f6c6656262b5fdd723ad90f518f579b7bc8622e43a942eec53c938/pydantic_core-2.33.2-cp313-cp313t-win_amd64.whl", hash = "sha256:c2fc0a768ef76c15ab9238afa6da7f69895bb5d1ee83aeea2e3509af4472d0b9", size = 1935777, upload-time = "2025-04-23T18:32:25.088Z" },
]

[[package]]
name = "pygments"
version = "2.19.2"
source = { registry = "https://pypi.org/simple" }
sdist = { url = "https://files.pythonhosted.org/packages/b0/77/a5b8c569bf593b0140bde72ea885a803b82086995367bf2037de0159d924/pygments-2.19.2.tar.gz", hash = "sha256:636cb2477cec7f8952536970bc533bc43743542f70392ae026374600add5b887", size = 4968631, upload-time = "2025-06-21T13:39:12.283Z" }
wheels = [
    { url = "https://files.pythonhosted.org/packages/c7/21/705964c7812476f378728bdf590ca4b771ec72385c533964653c68e86bdc/pygments-2.19.2-py3-none-any.whl", hash = "sha256:86540386c03d588bb81d44bc3928634ff26449851e99741617ecb9037ee5ec0b", size = 1225217, upload-time = "2025-06-21T13:39:07.939Z" },
]

[[package]]
name = "python-dotenv"
version = "1.1.1"
source = { registry = "https://pypi.org/simple" }
sdist = { url = "https://files.pythonhosted.org/packages/f6/b0/4bc07ccd3572a2f9df7e6782f52b0c6c90dcbb803ac4a167702d7d0dfe1e/python_dotenv-1.1.1.tar.gz", hash = "sha256:a8a6399716257f45be6a007360200409fce5cda2661e3dec71d23dc15f6189ab", size = 41978, upload-time = "2025-06-24T04:21:07.341Z" }
wheels = [
    { url = "https://files.pythonhosted.org/packages/5f/ed/539768cf28c661b5b068d66d96a2f155c4971a5d55684a514c1a0e0dec2f/python_dotenv-1.1.1-py3-none-any.whl", hash = "sha256:31f23644fe2602f88ff55e1f5c79ba497e01224ee7737937930c448e4d0e24dc", size = 20556, upload-time = "2025-06-24T04:21:06.073Z" },
]

[[package]]
name = "rich"
version = "14.1.0"
source = { registry = "https://pypi.org/simple" }
dependencies = [
    { name = "markdown-it-py" },
    { name = "pygments" },
]
sdist = { url = "https://files.pythonhosted.org/packages/fe/75/af448d8e52bf1d8fa6a9d089ca6c07ff4453d86c65c145d0a300bb073b9b/rich-14.1.0.tar.gz", hash = "sha256:e497a48b844b0320d45007cdebfeaeed8db2a4f4bcf49f15e455cfc4af11eaa8", size = 224441, upload-time = "2025-07-25T07:32:58.125Z" }
wheels = [
    { url = "https://files.pythonhosted.org/packages/e3/30/3c4d035596d3cf444529e0b2953ad0466f6049528a879d27534700580395/rich-14.1.0-py3-none-any.whl", hash = "sha256:536f5f1785986d6dbdea3c75205c473f970777b4a0d6c6dd1b696aa05a3fa04f", size = 243368, upload-time = "2025-07-25T07:32:56.73Z" },
]

[[package]]
name = "typing-extensions"
version = "4.14.1"
source = { registry = "https://pypi.org/simple" }
sdist = { url = "https://files.pythonhosted.org/packages/98/5a/da40306b885cc8c09109dc2e1abd358d5684b1425678151cdaed4731c822/typing_extensions-4.14.1.tar.gz", hash = "sha256:38b39f4aeeab64884ce9f74c94263ef78f3c22467c8724005483154c26648d36", size = 107673, upload-time = "2025-07-04T13:28:34.16Z" }
wheels = [
    { url = "https://files.pythonhosted.org/packages/b5/00/d631e67a838026495268c2f6884f3711a15a9a2a96cd244fdaea53b823fb/typing_extensions-4.14.1-py3-none-any.whl", hash = "sha256:d1e1e3b58374dc93031d6eda2420a48ea44a36c2b4766a4fdeb3710755731d76", size = 43906, upload-time = "2025-07-04T13:28:32.743Z" },
]

[[package]]
name = "typing-inspection"
version = "0.4.1"
source = { registry = "https://pypi.org/simple" }
dependencies = [
    { name = "typing-extensions" },
]
sdist = { url = "https://files.pythonhosted.org/packages/f8/b1/0c11f5058406b3af7609f121aaa6b609744687f1d158b3c3a5bf4cc94238/typing_inspection-0.4.1.tar.gz", hash = "sha256:6ae134cc0203c33377d43188d4064e9b357dba58cff3185f22924610e70a9d28", size = 75726, upload-time = "2025-05-21T18:55:23.885Z" }
wheels = [
    { url = "https://files.pythonhosted.org/packages/17/69/cd203477f944c353c31bade965f880aa1061fd6bf05ded0726ca845b6ff7/typing_inspection-0.4.1-py3-none-any.whl", hash = "sha256:389055682238f53b04f7badcb49b989835495a96700ced5dab2d8feae4b26f51", size = 14552, upload-time = "2025-05-21T18:55:22.152Z" },
]
